lockfileVersion: '9.0'

settings:
  autoInstallPeers: true
  excludeLinksFromLockfile: false

importers:

  .:
    dependencies:
      mousetrap:
        specifier: ^1.6.5
        version: 1.6.5
    devDependencies:
      '@types/mousetrap':
        specifier: ^1.6.15
        version: 1.6.15

packages:

  '@types/mousetrap@1.6.15':
    resolution: {integrity: sha512-qL0hyIMNPow317QWW/63RvL1x5MVMV+Ru3NaY9f/CuEpCqrmb7WeuK2071ZY5hczOnm38qExWM2i2WtkXLSqFw==}

  mousetrap@1.6.5:
    resolution: {integrity: sha512-QNo4kEepaIBwiT8CDhP98umTetp+JNfQYBWvC1pc6/OAibuXtRcxZ58Qz8skvEHYvURne/7R8T5VoOI7rDsEUA==}

snapshots:

  '@types/mousetrap@1.6.15': {}

  mousetrap@1.6.5: {}
